
Microsoft Visual Studio Solution File, Format Version 12.00
# Visual Studio 15
VisualStudioVersion = 15.0.26730.8
MinimumVisualStudioVersion = 10.0.40219.1
Project("{FAE04EC0-301F-11D3-BF4B-00C04F79EFBC}") = "HttpResponseRetrieval", "HttpResponseRetrieval\HttpResponseRetrieval.csproj", "{64010873-23D1-4BE9-87D3-052478FF7EF3}"
EndProject
Global
	GlobalSection(SolutionConfigurationPlatforms) = preSolution
		Debug|Any CPU = Debug|Any CPU
		Release|Any CPU = Release|Any CPU
	EndGlobalSection
	GlobalSection(ProjectConfigurationPlatforms) = postSolution
		{64010873-23D1-4BE9-87D3-052478FF7EF3}.Debug|Any CPU.ActiveCfg = Debug|Any CPU
		{64010873-23D1-4BE9-87D3-052478FF7EF3}.Debug|Any CPU.Build.0 = Debug|Any CPU
		{64010873-23D1-4BE9-87D3-052478FF7EF3}.Release|Any CPU.ActiveCfg = Release|Any CPU
		{64010873-23D1-4BE9-87D3-052478FF7EF3}.Release|Any CPU.Build.0 = Release|Any CPU
	EndGlobalSection
	GlobalSection(SolutionProperties) = preSolution
		HideSolutionNode = FALSE
	EndGlobalSection
	GlobalSection(ExtensibilityGlobals) = postSolution
		SolutionGuid = {95F785F0-0CEB-4933-AA12-F910FF4F199B}
	EndGlobalSection
EndGlobal
